// !$*UTF8*$!
{
	archiveVersion = 1;
	classes = {
	};
	objectVersion = 46;
	objects = {

/* Begin PBXBuildFile section */
		6382C2FB1E2430420021D363 /* DropFlow.storyboard in Resources */ = {isa = PBXBuildFile; fileRef = 6382C2FD1E2430420021D363 /* DropFlow.storyboard */; };
		FA35271D1D9D562800D2F91B /* Activity.m in Sources */ = {isa = PBXBuildFile; fileRef = FA35271C1D9D562800D2F91B /* Activity.m */; };
		FA45CB831D9C1C4C0082846C /* DropViewController.m in Sources */ = {isa = PBXBuildFile; fileRef = FA45CB821D9C1C4C0082846C /* DropViewController.m */; };
		FA45CB881D9C1DF00082846C /* DropProgressViewController.m in Sources */ = {isa = PBXBuildFile; fileRef = FA45CB871D9C1DF00082846C /* DropProgressViewController.m */; };
		FA45CB8B1D9C1E810082846C /* DropDoneViewController.m in Sources */ = {isa = PBXBuildFile; fileRef = FA45CB8A1D9C1E810082846C /* DropDoneViewController.m */; };
		FA45CB8D1D9C1EF50082846C /* DropInfoViewController.m in Sources */ = {isa = PBXBuildFile; fileRef = FA45CB8C1D9C1EF50082846C /* DropInfoViewController.m */; };
		FA5FD3941D90180F0010E978 /* Allihoopa.framework in Frameworks */ = {isa = PBXBuildFile; fileRef = FA5FD38A1D90180F0010E978 /* Allihoopa.framework */; };
		FA5FD39B1D90180F0010E978 /* Allihoopa.h in Headers */ = {isa = PBXBuildFile; fileRef = FA5FD38D1D90180F0010E978 /* Allihoopa.h */; settings = {ATTRIBUTES = (Public, ); }; };
		FA6D283B1DF1AA6900FA2899 /* SecondarySharingServiceButton.m in Sources */ = {isa = PBXBuildFile; fileRef = FA6D283A1DF1AA6900FA2899 /* SecondarySharingServiceButton.m */; };
		FA77A9871E1CED4D00BF0619 /* FrameworkImageView.m in Sources */ = {isa = PBXBuildFile; fileRef = FA77A9861E1CED4D00BF0619 /* FrameworkImageView.m */; };
		FA77A9891E1CFD3600BF0619 /* AllihoopaTests.m in Sources */ = {isa = PBXBuildFile; fileRef = FA77A9881E1CFD3600BF0619 /* AllihoopaTests.m */; };
		FA77A98A1E1CFD6000BF0619 /* AllihoopaCore.framework in Frameworks */ = {isa = PBXBuildFile; fileRef = FAEAF3B71E1BFD6C001F42FA /* AllihoopaCore.framework */; };
		FA77A98C1E1CFDEA00BF0619 /* AllihoopaCore.framework in CopyFiles */ = {isa = PBXBuildFile; fileRef = FAEAF3B71E1BFD6C001F42FA /* AllihoopaCore.framework */; settings = {ATTRIBUTES = (CodeSignOnCopy, RemoveHeadersOnCopy, ); }; };
		FA7AADE81DB74BE500935F67 /* AppledocSettings.plist in Resources */ = {isa = PBXBuildFile; fileRef = FA7AADE71DB74BE500935F67 /* AppledocSettings.plist */; };
		FAA548C61E1C038000BA1957 /* DropDelegate.h in Headers */ = {isa = PBXBuildFile; fileRef = FAA548C01E1BFEF100BA1957 /* DropDelegate.h */; settings = {ATTRIBUTES = (Public, ); }; };
		FABAB31A1DB12278000E1A0D /* ModalEditor.m in Sources */ = {isa = PBXBuildFile; fileRef = FABAB3191DB12278000E1A0D /* ModalEditor.m */; };
		FAC2119F1DAFBEB80066FFA9 /* DropErrorViewController.m in Sources */ = {isa = PBXBuildFile; fileRef = FAC2119E1DAFBEB80066FFA9 /* DropErrorViewController.m */; };
		FAC211A21DAFBF850066FFA9 /* DropSegues.m in Sources */ = {isa = PBXBuildFile; fileRef = FAC211A11DAFBF850066FFA9 /* DropSegues.m */; };
		FAE206641D9BE83E006EFEE3 /* AuthenticationViewController.m in Sources */ = {isa = PBXBuildFile; fileRef = FAE206631D9BE83E006EFEE3 /* AuthenticationViewController.m */; };
		FAE6E6AC1DB5157C0019B815 /* ProgressSpinner.m in Sources */ = {isa = PBXBuildFile; fileRef = FAE6E6AB1DB5157C0019B815 /* ProgressSpinner.m */; };
		FAEAF3B81E1BFD6C001F42FA /* AllihoopaCore.framework in Frameworks */ = {isa = PBXBuildFile; fileRef = FAEAF3B71E1BFD6C001F42FA /* AllihoopaCore.framework */; };
		FAF525F31D95489E002CE6BF /* AllihoopaSDK.h in Headers */ = {isa = PBXBuildFile; fileRef = FAF525F11D95489E002CE6BF /* AllihoopaSDK.h */; settings = {ATTRIBUTES = (Public, ); }; };
		FAF525F41D95489E002CE6BF /* AllihoopaSDK.m in Sources */ = {isa = PBXBuildFile; fileRef = FAF525F21D95489E002CE6BF /* AllihoopaSDK.m */; };
/* End PBXBuildFile section */

/* Begin PBXContainerItemProxy section */
		FA5FD3951D90180F0010E978 /* PBXContainerItemProxy */ = {
			isa = PBXContainerItemProxy;
			containerPortal = FA5FD3811D90180E0010E978 /* Project object */;
			proxyType = 1;
			remoteGlobalIDString = FA5FD3891D90180E0010E978;
			remoteInfo = Allihoopa;
		};
/* End PBXContainerItemProxy section */

/* Begin PBXCopyFilesBuildPhase section */
		FA77A98B1E1CFDE700BF0619 /* CopyFiles */ = {
			isa = PBXCopyFilesBuildPhase;
			buildActionMask = 2147483647;
			dstPath = "";
			dstSubfolderSpec = 16;
			files = (
				FA77A98C1E1CFDEA00BF0619 /* AllihoopaCore.framework in CopyFiles */,
			);
			runOnlyForDeploymentPostprocessing = 0;
		};
/* End PBXCopyFilesBuildPhase section */

/* Begin PBXFileReference section */
		6382C2FC1E2430420021D363 /* en */ = {isa = PBXFileReference; lastKnownFileType = file.storyboard; name = en; path = en.lproj/DropFlow.storyboard; sourceTree = "<group>"; };
		6382C2FE1E2430F00021D363 /* ja */ = {isa = PBXFileReference; lastKnownFileType = file.storyboard; name = ja; path = ja.lproj/DropFlow.storyboard; sourceTree = "<group>"; };
		FA35271A1D9D556500D2F91B /* Activity.h */ = {isa = PBXFileReference; lastKnownFileType = sourcecode.c.h; path = Activity.h; sourceTree = "<group>"; };
		FA35271C1D9D562800D2F91B /* Activity.m */ = {isa = PBXFileReference; fileEncoding = 4; lastKnownFileType = sourcecode.c.objc; path = Activity.m; sourceTree = "<group>"; };
		FA45CB821D9C1C4C0082846C /* DropViewController.m */ = {isa = PBXFileReference; fileEncoding = 4; lastKnownFileType = sourcecode.c.objc; path = DropViewController.m; sourceTree = "<group>"; };
		FA45CB841D9C1C7D0082846C /* DropViewController.h */ = {isa = PBXFileReference; lastKnownFileType = sourcecode.c.h; path = DropViewController.h; sourceTree = "<group>"; };
		FA45CB851D9C1D870082846C /* DropInfoViewController.h */ = {isa = PBXFileReference; lastKnownFileType = sourcecode.c.h; path = DropInfoViewController.h; sourceTree = "<group>"; };
		FA45CB861D9C1DB90082846C /* DropProgressViewController.h */ = {isa = PBXFileReference; lastKnownFileType = sourcecode.c.h; path = DropProgressViewController.h; sourceTree = "<group>"; };
		FA45CB871D9C1DF00082846C /* DropProgressViewController.m */ = {isa = PBXFileReference; fileEncoding = 4; lastKnownFileType = sourcecode.c.objc; path = DropProgressViewController.m; sourceTree = "<group>"; };
		FA45CB891D9C1E680082846C /* DropDoneViewController.h */ = {isa = PBXFileReference; lastKnownFileType = sourcecode.c.h; path = DropDoneViewController.h; sourceTree = "<group>"; };
		FA45CB8A1D9C1E810082846C /* DropDoneViewController.m */ = {isa = PBXFileReference; fileEncoding = 4; lastKnownFileType = sourcecode.c.objc; path = DropDoneViewController.m; sourceTree = "<group>"; };
		FA45CB8C1D9C1EF50082846C /* DropInfoViewController.m */ = {isa = PBXFileReference; fileEncoding = 4; lastKnownFileType = sourcecode.c.objc; path = DropInfoViewController.m; sourceTree = "<group>"; };
		FA5FD38A1D90180F0010E978 /* Allihoopa.framework */ = {isa = PBXFileReference; explicitFileType = wrapper.framework; includeInIndex = 0; path = Allihoopa.framework; sourceTree = BUILT_PRODUCTS_DIR; };
		FA5FD38D1D90180F0010E978 /* Allihoopa.h */ = {isa = PBXFileReference; lastKnownFileType = sourcecode.c.h; path = Allihoopa.h; sourceTree = "<group>"; };
		FA5FD38E1D90180F0010E978 /* Info.plist */ = {isa = PBXFileReference; lastKnownFileType = text.plist.xml; path = Info.plist; sourceTree = "<group>"; };
		FA5FD3931D90180F0010E978 /* AllihoopaTests.xctest */ = {isa = PBXFileReference; explicitFileType = wrapper.cfbundle; includeInIndex = 0; path = AllihoopaTests.xctest; sourceTree = BUILT_PRODUCTS_DIR; };
		FA5FD39A1D90180F0010E978 /* Info.plist */ = {isa = PBXFileReference; lastKnownFileType = text.plist.xml; path = Info.plist; sourceTree = "<group>"; };
		FA5FD3A41D9031A30010E978 /* Allihoopa.podspec */ = {isa = PBXFileReference; explicitFileType = text.script.ruby; fileEncoding = 4; path = Allihoopa.podspec; sourceTree = "<group>"; };
		FA6D28391DF1AA4300FA2899 /* SecondarySharingServiceButton.h */ = {isa = PBXFileReference; lastKnownFileType = sourcecode.c.h; path = SecondarySharingServiceButton.h; sourceTree = "<group>"; };
		FA6D283A1DF1AA6900FA2899 /* SecondarySharingServiceButton.m */ = {isa = PBXFileReference; fileEncoding = 4; lastKnownFileType = sourcecode.c.objc; path = SecondarySharingServiceButton.m; sourceTree = "<group>"; };
		FA77A9831E1CED0A00BF0619 /* FrameworkImageView.h */ = {isa = PBXFileReference; lastKnownFileType = sourcecode.c.h; path = FrameworkImageView.h; sourceTree = "<group>"; };
		FA77A9861E1CED4D00BF0619 /* FrameworkImageView.m */ = {isa = PBXFileReference; fileEncoding = 4; lastKnownFileType = sourcecode.c.objc; path = FrameworkImageView.m; sourceTree = "<group>"; };
		FA77A9881E1CFD3600BF0619 /* AllihoopaTests.m */ = {isa = PBXFileReference; fileEncoding = 4; lastKnownFileType = sourcecode.c.objc; path = AllihoopaTests.m; sourceTree = "<group>"; };
		FA7AADE71DB74BE500935F67 /* AppledocSettings.plist */ = {isa = PBXFileReference; fileEncoding = 4; lastKnownFileType = text.plist.xml; path = AppledocSettings.plist; sourceTree = "<group>"; };
		FAA548C01E1BFEF100BA1957 /* DropDelegate.h */ = {isa = PBXFileReference; lastKnownFileType = sourcecode.c.h; path = DropDelegate.h; sourceTree = "<group>"; };
		FAA548C11E1BFF1E00BA1957 /* Allihoopa+Internal.h */ = {isa = PBXFileReference; lastKnownFileType = sourcecode.c.h; path = "Allihoopa+Internal.h"; sourceTree = "<group>"; };
		FABAB3181DB121F1000E1A0D /* ModalEditor.h */ = {isa = PBXFileReference; lastKnownFileType = sourcecode.c.h; path = ModalEditor.h; sourceTree = "<group>"; };
		FABAB3191DB12278000E1A0D /* ModalEditor.m */ = {isa = PBXFileReference; fileEncoding = 4; lastKnownFileType = sourcecode.c.objc; path = ModalEditor.m; sourceTree = "<group>"; };
		FAC2119D1DAFBE520066FFA9 /* DropErrorViewController.h */ = {isa = PBXFileReference; lastKnownFileType = sourcecode.c.h; path = DropErrorViewController.h; sourceTree = "<group>"; };
		FAC2119E1DAFBEB80066FFA9 /* DropErrorViewController.m */ = {isa = PBXFileReference; fileEncoding = 4; lastKnownFileType = sourcecode.c.objc; path = DropErrorViewController.m; sourceTree = "<group>"; };
		FAC211A01DAFBF5E0066FFA9 /* DropSegues.h */ = {isa = PBXFileReference; lastKnownFileType = sourcecode.c.h; path = DropSegues.h; sourceTree = "<group>"; };
		FAC211A11DAFBF850066FFA9 /* DropSegues.m */ = {isa = PBXFileReference; fileEncoding = 4; lastKnownFileType = sourcecode.c.objc; path = DropSegues.m; sourceTree = "<group>"; };
		FAE206621D9BE777006EFEE3 /* AuthenticationViewController.h */ = {isa = PBXFileReference; lastKnownFileType = sourcecode.c.h; path = AuthenticationViewController.h; sourceTree = "<group>"; };
		FAE206631D9BE83E006EFEE3 /* AuthenticationViewController.m */ = {isa = PBXFileReference; fileEncoding = 4; lastKnownFileType = sourcecode.c.objc; path = AuthenticationViewController.m; sourceTree = "<group>"; };
		FAE6E6AA1DB5155F0019B815 /* ProgressSpinner.h */ = {isa = PBXFileReference; lastKnownFileType = sourcecode.c.h; path = ProgressSpinner.h; sourceTree = "<group>"; };
		FAE6E6AB1DB5157C0019B815 /* ProgressSpinner.m */ = {isa = PBXFileReference; fileEncoding = 4; lastKnownFileType = sourcecode.c.objc; path = ProgressSpinner.m; sourceTree = "<group>"; };
		FAEAF3B71E1BFD6C001F42FA /* AllihoopaCore.framework */ = {isa = PBXFileReference; lastKnownFileType = wrapper.framework; name = AllihoopaCore.framework; path = Carthage/Build/iOS/AllihoopaCore.framework; sourceTree = "<group>"; };
		FAF525901D940015002CE6BF /* LICENSE */ = {isa = PBXFileReference; fileEncoding = 4; lastKnownFileType = text; path = LICENSE; sourceTree = "<group>"; };
		FAF525921D940185002CE6BF /* Cartfile */ = {isa = PBXFileReference; fileEncoding = 4; lastKnownFileType = text; path = Cartfile; sourceTree = "<group>"; };
		FAF525941D9401B3002CE6BF /* Cartfile.resolved */ = {isa = PBXFileReference; fileEncoding = 4; lastKnownFileType = text; path = Cartfile.resolved; sourceTree = "<group>"; };
		FAF5259A1D940980002CE6BF /* .gitignore */ = {isa = PBXFileReference; fileEncoding = 4; lastKnownFileType = text; path = .gitignore; sourceTree = "<group>"; };
		FAF5259C1D9409AC002CE6BF /* README.md */ = {isa = PBXFileReference; fileEncoding = 4; lastKnownFileType = net.daringfireball.markdown; path = README.md; sourceTree = "<group>"; };
		FAF5259E1D9409E9002CE6BF /* .travis.yml */ = {isa = PBXFileReference; fileEncoding = 4; lastKnownFileType = text; path = .travis.yml; sourceTree = "<group>"; };
		FAF525F11D95489E002CE6BF /* AllihoopaSDK.h */ = {isa = PBXFileReference; fileEncoding = 4; lastKnownFileType = sourcecode.c.h; path = AllihoopaSDK.h; sourceTree = "<group>"; };
		FAF525F21D95489E002CE6BF /* AllihoopaSDK.m */ = {isa = PBXFileReference; fileEncoding = 4; lastKnownFileType = sourcecode.c.objc; path = AllihoopaSDK.m; sourceTree = "<group>"; };
/* End PBXFileReference section */

/* Begin PBXFrameworksBuildPhase section */
		FA5FD3861D90180E0010E978 /* Frameworks */ = {
			isa = PBXFrameworksBuildPhase;
			buildActionMask = 2147483647;
			files = (
				FAEAF3B81E1BFD6C001F42FA /* AllihoopaCore.framework in Frameworks */,
			);
			runOnlyForDeploymentPostprocessing = 0;
		};
		FA5FD3901D90180F0010E978 /* Frameworks */ = {
			isa = PBXFrameworksBuildPhase;
			buildActionMask = 2147483647;
			files = (
				FA5FD3941D90180F0010E978 /* Allihoopa.framework in Frameworks */,
				FA77A98A1E1CFD6000BF0619 /* AllihoopaCore.framework in Frameworks */,
			);
			runOnlyForDeploymentPostprocessing = 0;
		};
/* End PBXFrameworksBuildPhase section */

/* Begin PBXGroup section */
		FA54F5B71D9C039F003C98F6 /* Drop */ = {
			isa = PBXGroup;
			children = (
				FA45CB891D9C1E680082846C /* DropDoneViewController.h */,
				FA45CB8A1D9C1E810082846C /* DropDoneViewController.m */,
				FAC2119D1DAFBE520066FFA9 /* DropErrorViewController.h */,
				FAC2119E1DAFBEB80066FFA9 /* DropErrorViewController.m */,
				6382C2FD1E2430420021D363 /* DropFlow.storyboard */,
				FA45CB851D9C1D870082846C /* DropInfoViewController.h */,
				FA45CB8C1D9C1EF50082846C /* DropInfoViewController.m */,
				FA45CB861D9C1DB90082846C /* DropProgressViewController.h */,
				FA45CB871D9C1DF00082846C /* DropProgressViewController.m */,
				FAC211A01DAFBF5E0066FFA9 /* DropSegues.h */,
				FAC211A11DAFBF850066FFA9 /* DropSegues.m */,
				FA45CB841D9C1C7D0082846C /* DropViewController.h */,
				FA45CB821D9C1C4C0082846C /* DropViewController.m */,
				FABAB3181DB121F1000E1A0D /* ModalEditor.h */,
				FABAB3191DB12278000E1A0D /* ModalEditor.m */,
				FAE6E6AA1DB5155F0019B815 /* ProgressSpinner.h */,
				FAE6E6AB1DB5157C0019B815 /* ProgressSpinner.m */,
				FA6D28391DF1AA4300FA2899 /* SecondarySharingServiceButton.h */,
				FA6D283A1DF1AA6900FA2899 /* SecondarySharingServiceButton.m */,
				FA77A9831E1CED0A00BF0619 /* FrameworkImageView.h */,
				FA77A9861E1CED4D00BF0619 /* FrameworkImageView.m */,
			);
			path = Drop;
			sourceTree = "<group>";
		};
		FA5FD3801D90180E0010E978 = {
			isa = PBXGroup;
			children = (
				FAEAF3B71E1BFD6C001F42FA /* AllihoopaCore.framework */,
				FA5FD38C1D90180F0010E978 /* Allihoopa */,
				FA5FD3971D90180F0010E978 /* AllihoopaTests */,
				FAF5259E1D9409E9002CE6BF /* .travis.yml */,
				FAF5259A1D940980002CE6BF /* .gitignore */,
				FA5FD3A41D9031A30010E978 /* Allihoopa.podspec */,
				FA7AADE71DB74BE500935F67 /* AppledocSettings.plist */,
				FAF525921D940185002CE6BF /* Cartfile */,
				FAF525941D9401B3002CE6BF /* Cartfile.resolved */,
				FAF525901D940015002CE6BF /* LICENSE */,
				FAF5259C1D9409AC002CE6BF /* README.md */,
				FA5FD38B1D90180F0010E978 /* Products */,
			);
			sourceTree = "<group>";
		};
		FA5FD38B1D90180F0010E978 /* Products */ = {
			isa = PBXGroup;
			children = (
				FA5FD38A1D90180F0010E978 /* Allihoopa.framework */,
				FA5FD3931D90180F0010E978 /* AllihoopaTests.xctest */,
			);
			name = Products;
			sourceTree = "<group>";
		};
		FA5FD38C1D90180F0010E978 /* Allihoopa */ = {
			isa = PBXGroup;
			children = (
				FA35271A1D9D556500D2F91B /* Activity.h */,
				FA35271C1D9D562800D2F91B /* Activity.m */,
				FA5FD38D1D90180F0010E978 /* Allihoopa.h */,
				FAF525F11D95489E002CE6BF /* AllihoopaSDK.h */,
				FAF525F21D95489E002CE6BF /* AllihoopaSDK.m */,
				FAE206621D9BE777006EFEE3 /* AuthenticationViewController.h */,
				FAE206631D9BE83E006EFEE3 /* AuthenticationViewController.m */,
				FA54F5B71D9C039F003C98F6 /* Drop */,
				FA5FD38E1D90180F0010E978 /* Info.plist */,
				FAA548C01E1BFEF100BA1957 /* DropDelegate.h */,
				FAA548C11E1BFF1E00BA1957 /* Allihoopa+Internal.h */,
			);
			path = Allihoopa;
			sourceTree = "<group>";
		};
		FA5FD3971D90180F0010E978 /* AllihoopaTests */ = {
			isa = PBXGroup;
			children = (
				FA5FD39A1D90180F0010E978 /* Info.plist */,
				FA77A9881E1CFD3600BF0619 /* AllihoopaTests.m */,
			);
			path = AllihoopaTests;
			sourceTree = "<group>";
		};
/* End PBXGroup section */

/* Begin PBXHeadersBuildPhase section */
		FA5FD3871D90180E0010E978 /* Headers */ = {
			isa = PBXHeadersBuildPhase;
			buildActionMask = 2147483647;
			files = (
				FAA548C61E1C038000BA1957 /* DropDelegate.h in Headers */,
				FAF525F31D95489E002CE6BF /* AllihoopaSDK.h in Headers */,
				FA5FD39B1D90180F0010E978 /* Allihoopa.h in Headers */,
			);
			runOnlyForDeploymentPostprocessing = 0;
		};
/* End PBXHeadersBuildPhase section */

/* Begin PBXNativeTarget section */
		FA5FD3891D90180E0010E978 /* Allihoopa */ = {
			isa = PBXNativeTarget;
			buildConfigurationList = FA5FD39E1D90180F0010E978 /* Build configuration list for PBXNativeTarget "Allihoopa" */;
			buildPhases = (
				FA5FD3851D90180E0010E978 /* Sources */,
				FA5FD3861D90180E0010E978 /* Frameworks */,
				FA5FD3871D90180E0010E978 /* Headers */,
				FA5FD3881D90180E0010E978 /* Resources */,
			);
			buildRules = (
			);
			dependencies = (
			);
			name = Allihoopa;
			productName = Allihoopa;
			productReference = FA5FD38A1D90180F0010E978 /* Allihoopa.framework */;
			productType = "com.apple.product-type.framework";
		};
		FA5FD3921D90180F0010E978 /* AllihoopaTests */ = {
			isa = PBXNativeTarget;
			buildConfigurationList = FA5FD3A11D90180F0010E978 /* Build configuration list for PBXNativeTarget "AllihoopaTests" */;
			buildPhases = (
				FA5FD38F1D90180F0010E978 /* Sources */,
				FA5FD3901D90180F0010E978 /* Frameworks */,
				FA5FD3911D90180F0010E978 /* Resources */,
				FA77A98B1E1CFDE700BF0619 /* CopyFiles */,
			);
			buildRules = (
			);
			dependencies = (
				FA5FD3961D90180F0010E978 /* PBXTargetDependency */,
			);
			name = AllihoopaTests;
			productName = AllihoopaTests;
			productReference = FA5FD3931D90180F0010E978 /* AllihoopaTests.xctest */;
			productType = "com.apple.product-type.bundle.unit-test";
		};
/* End PBXNativeTarget section */

/* Begin PBXProject section */
		FA5FD3811D90180E0010E978 /* Project object */ = {
			isa = PBXProject;
			attributes = {
				CLASSPREFIX = AHA;
				LastUpgradeCheck = 0810;
				ORGANIZATIONNAME = Allihoopa;
				TargetAttributes = {
					FA5FD3891D90180E0010E978 = {
						CreatedOnToolsVersion = 8.0;
						DevelopmentTeam = KJD2GM57WH;
						ProvisioningStyle = Automatic;
					};
					FA5FD3921D90180F0010E978 = {
						CreatedOnToolsVersion = 8.0;
						DevelopmentTeam = KJD2GM57WH;
						ProvisioningStyle = Automatic;
					};
				};
			};
			buildConfigurationList = FA5FD3841D90180E0010E978 /* Build configuration list for PBXProject "Allihoopa" */;
			compatibilityVersion = "Xcode 3.2";
			developmentRegion = English;
			hasScannedForEncodings = 0;
			knownRegions = (
				en,
				ja,
			);
			mainGroup = FA5FD3801D90180E0010E978;
			productRefGroup = FA5FD38B1D90180F0010E978 /* Products */;
			projectDirPath = "";
			projectRoot = "";
			targets = (
				FA5FD3891D90180E0010E978 /* Allihoopa */,
				FA5FD3921D90180F0010E978 /* AllihoopaTests */,
			);
		};
/* End PBXProject section */

/* Begin PBXResourcesBuildPhase section */
		FA5FD3881D90180E0010E978 /* Resources */ = {
			isa = PBXResourcesBuildPhase;
			buildActionMask = 2147483647;
			files = (
				FA7AADE81DB74BE500935F67 /* AppledocSettings.plist in Resources */,
				6382C2FB1E2430420021D363 /* DropFlow.storyboard in Resources */,
			);
			runOnlyForDeploymentPostprocessing = 0;
		};
		FA5FD3911D90180F0010E978 /* Resources */ = {
			isa = PBXResourcesBuildPhase;
			buildActionMask = 2147483647;
			files = (
			);
			runOnlyForDeploymentPostprocessing = 0;
		};
/* End PBXResourcesBuildPhase section */

/* Begin PBXSourcesBuildPhase section */
		FA5FD3851D90180E0010E978 /* Sources */ = {
			isa = PBXSourcesBuildPhase;
			buildActionMask = 2147483647;
			files = (
				FA35271D1D9D562800D2F91B /* Activity.m in Sources */,
				FAC2119F1DAFBEB80066FFA9 /* DropErrorViewController.m in Sources */,
				FA45CB831D9C1C4C0082846C /* DropViewController.m in Sources */,
				FAF525F41D95489E002CE6BF /* AllihoopaSDK.m in Sources */,
				FA6D283B1DF1AA6900FA2899 /* SecondarySharingServiceButton.m in Sources */,
				FAE6E6AC1DB5157C0019B815 /* ProgressSpinner.m in Sources */,
				FAE206641D9BE83E006EFEE3 /* AuthenticationViewController.m in Sources */,
				FA45CB8B1D9C1E810082846C /* DropDoneViewController.m in Sources */,
				FABAB31A1DB12278000E1A0D /* ModalEditor.m in Sources */,
				FA77A9871E1CED4D00BF0619 /* FrameworkImageView.m in Sources */,
				FA45CB8D1D9C1EF50082846C /* DropInfoViewController.m in Sources */,
				FA45CB881D9C1DF00082846C /* DropProgressViewController.m in Sources */,
				FAC211A21DAFBF850066FFA9 /* DropSegues.m in Sources */,
			);
			runOnlyForDeploymentPostprocessing = 0;
		};
		FA5FD38F1D90180F0010E978 /* Sources */ = {
			isa = PBXSourcesBuildPhase;
			buildActionMask = 2147483647;
			files = (
				FA77A9891E1CFD3600BF0619 /* AllihoopaTests.m in Sources */,
			);
			runOnlyForDeploymentPostprocessing = 0;
		};
/* End PBXSourcesBuildPhase section */

/* Begin PBXTargetDependency section */
		FA5FD3961D90180F0010E978 /* PBXTargetDependency */ = {
			isa = PBXTargetDependency;
			target = FA5FD3891D90180E0010E978 /* Allihoopa */;
			targetProxy = FA5FD3951D90180F0010E978 /* PBXContainerItemProxy */;
		};
/* End PBXTargetDependency section */

/* Begin PBXVariantGroup section */
		6382C2FD1E2430420021D363 /* DropFlow.storyboard */ = {
			isa = PBXVariantGroup;
			children = (
				6382C2FC1E2430420021D363 /* en */,
				6382C2FE1E2430F00021D363 /* ja */,
			);
			name = DropFlow.storyboard;
			sourceTree = "<group>";
		};
/* End PBXVariantGroup section */

/* Begin XCBuildConfiguration section */
		FA5FD39C1D90180F0010E978 /* Debug */ = {
			isa = XCBuildConfiguration;
			buildSettings = {
				ALWAYS_SEARCH_USER_PATHS = NO;
				CLANG_ANALYZER_LOCALIZABILITY_NONLOCALIZED = YES;
				CLANG_ANALYZER_NONNULL = YES;
				CLANG_CXX_LANGUAGE_STANDARD = "c++0x";
				CLANG_CXX_LIBRARY = "libc++";
				CLANG_ENABLE_MODULES = YES;
				CLANG_ENABLE_OBJC_ARC = YES;
				CLANG_WARN_ASSIGN_ENUM = YES;
				CLANG_WARN_BOOL_CONVERSION = YES;
				CLANG_WARN_CONSTANT_CONVERSION = YES;
				CLANG_WARN_DEPRECATED_OBJC_IMPLEMENTATIONS = YES;
				CLANG_WARN_DIRECT_OBJC_ISA_USAGE = YES_ERROR;
				CLANG_WARN_DOCUMENTATION_COMMENTS = YES;
				CLANG_WARN_EMPTY_BODY = YES;
				CLANG_WARN_ENUM_CONVERSION = YES;
				CLANG_WARN_IMPLICIT_SIGN_CONVERSION = YES;
				CLANG_WARN_INFINITE_RECURSION = YES;
				CLANG_WARN_INT_CONVERSION = YES;
				CLANG_WARN_OBJC_EXPLICIT_OWNERSHIP_TYPE = YES;
				CLANG_WARN_OBJC_IMPLICIT_ATOMIC_PROPERTIES = YES;
				CLANG_WARN_OBJC_IMPLICIT_RETAIN_SELF = YES;
				CLANG_WARN_OBJC_REPEATED_USE_OF_WEAK = YES;
				CLANG_WARN_OBJC_ROOT_CLASS = YES_ERROR;
				CLANG_WARN_SUSPICIOUS_IMPLICIT_CONVERSION = YES;
				CLANG_WARN_SUSPICIOUS_MOVE = YES;
				CLANG_WARN_SUSPICIOUS_MOVES = YES;
				CLANG_WARN_UNREACHABLE_CODE = YES;
				CLANG_WARN__DUPLICATE_METHOD_MATCH = YES;
				"CODE_SIGN_IDENTITY[sdk=iphoneos*]" = "iPhone Developer";
				COPY_PHASE_STRIP = NO;
				CURRENT_PROJECT_VERSION = 1;
				DEBUG_INFORMATION_FORMAT = dwarf;
				ENABLE_STRICT_OBJC_MSGSEND = YES;
				ENABLE_TESTABILITY = YES;
				GCC_C_LANGUAGE_STANDARD = c99;
				GCC_DYNAMIC_NO_PIC = NO;
				GCC_NO_COMMON_BLOCKS = YES;
				GCC_OPTIMIZATION_LEVEL = 0;
				GCC_PREPROCESSOR_DEFINITIONS = (
					"DEBUG=1",
					"AHA_ENABLE_LOGGING=1",
					"$(inherited)",
				);
				GCC_TREAT_IMPLICIT_FUNCTION_DECLARATIONS_AS_ERRORS = YES;
				GCC_TREAT_INCOMPATIBLE_POINTER_TYPE_WARNINGS_AS_ERRORS = YES;
				GCC_WARN_64_TO_32_BIT_CONVERSION = YES;
				GCC_WARN_ABOUT_MISSING_FIELD_INITIALIZERS = YES;
				GCC_WARN_ABOUT_MISSING_NEWLINE = YES;
				GCC_WARN_ABOUT_MISSING_PROTOTYPES = YES;
				GCC_WARN_ABOUT_RETURN_TYPE = YES_ERROR;
				GCC_WARN_FOUR_CHARACTER_CONSTANTS = YES;
				GCC_WARN_INITIALIZER_NOT_FULLY_BRACKETED = YES;
				GCC_WARN_SHADOW = YES;
				GCC_WARN_SIGN_COMPARE = YES;
				GCC_WARN_STRICT_SELECTOR_MATCH = YES;
				GCC_WARN_UNDECLARED_SELECTOR = YES;
				GCC_WARN_UNINITIALIZED_AUTOS = YES_AGGRESSIVE;
				GCC_WARN_UNKNOWN_PRAGMAS = YES;
				GCC_WARN_UNUSED_FUNCTION = YES;
				GCC_WARN_UNUSED_LABEL = YES;
				GCC_WARN_UNUSED_PARAMETER = YES;
				GCC_WARN_UNUSED_VARIABLE = YES;
				IPHONEOS_DEPLOYMENT_TARGET = 9.0;
				MTL_ENABLE_DEBUG_INFO = YES;
				ONLY_ACTIVE_ARCH = YES;
				SDKROOT = iphoneos;
				TARGETED_DEVICE_FAMILY = "1,2";
				USE_HEADERMAP = NO;
				VERSIONING_SYSTEM = "apple-generic";
				VERSION_INFO_PREFIX = "";
			};
			name = Debug;
		};
		FA5FD39D1D90180F0010E978 /* Release */ = {
			isa = XCBuildConfiguration;
			buildSettings = {
				ALWAYS_SEARCH_USER_PATHS = NO;
				CLANG_ANALYZER_LOCALIZABILITY_NONLOCALIZED = YES;
				CLANG_ANALYZER_NONNULL = YES;
				CLANG_CXX_LANGUAGE_STANDARD = "c++0x";
				CLANG_CXX_LIBRARY = "libc++";
				CLANG_ENABLE_MODULES = YES;
				CLANG_ENABLE_OBJC_ARC = YES;
				CLANG_WARN_ASSIGN_ENUM = YES;
				CLANG_WARN_BOOL_CONVERSION = YES;
				CLANG_WARN_CONSTANT_CONVERSION = YES;
				CLANG_WARN_DEPRECATED_OBJC_IMPLEMENTATIONS = YES;
				CLANG_WARN_DIRECT_OBJC_ISA_USAGE = YES_ERROR;
				CLANG_WARN_DOCUMENTATION_COMMENTS = YES;
				CLANG_WARN_EMPTY_BODY = YES;
				CLANG_WARN_ENUM_CONVERSION = YES;
				CLANG_WARN_IMPLICIT_SIGN_CONVERSION = YES;
				CLANG_WARN_INFINITE_RECURSION = YES;
				CLANG_WARN_INT_CONVERSION = YES;
				CLANG_WARN_OBJC_EXPLICIT_OWNERSHIP_TYPE = YES;
				CLANG_WARN_OBJC_IMPLICIT_ATOMIC_PROPERTIES = YES;
				CLANG_WARN_OBJC_IMPLICIT_RETAIN_SELF = YES;
				CLANG_WARN_OBJC_REPEATED_USE_OF_WEAK = YES;
				CLANG_WARN_OBJC_ROOT_CLASS = YES_ERROR;
				CLANG_WARN_SUSPICIOUS_IMPLICIT_CONVERSION = YES;
				CLANG_WARN_SUSPICIOUS_MOVE = YES;
				CLANG_WARN_SUSPICIOUS_MOVES = YES;
				CLANG_WARN_UNREACHABLE_CODE = YES;
				CLANG_WARN__DUPLICATE_METHOD_MATCH = YES;
				"CODE_SIGN_IDENTITY[sdk=iphoneos*]" = "iPhone Developer";
				COPY_PHASE_STRIP = NO;
				CURRENT_PROJECT_VERSION = 1;
				DEBUG_INFORMATION_FORMAT = "dwarf-with-dsym";
				ENABLE_NS_ASSERTIONS = NO;
				ENABLE_STRICT_OBJC_MSGSEND = YES;
				GCC_C_LANGUAGE_STANDARD = c99;
				GCC_NO_COMMON_BLOCKS = YES;
				GCC_TREAT_IMPLICIT_FUNCTION_DECLARATIONS_AS_ERRORS = YES;
				GCC_TREAT_INCOMPATIBLE_POINTER_TYPE_WARNINGS_AS_ERRORS = YES;
				GCC_WARN_64_TO_32_BIT_CONVERSION = YES;
				GCC_WARN_ABOUT_MISSING_FIELD_INITIALIZERS = YES;
				GCC_WARN_ABOUT_MISSING_NEWLINE = YES;
				GCC_WARN_ABOUT_MISSING_PROTOTYPES = YES;
				GCC_WARN_ABOUT_RETURN_TYPE = YES_ERROR;
				GCC_WARN_FOUR_CHARACTER_CONSTANTS = YES;
				GCC_WARN_INITIALIZER_NOT_FULLY_BRACKETED = YES;
				GCC_WARN_SHADOW = YES;
				GCC_WARN_SIGN_COMPARE = YES;
				GCC_WARN_STRICT_SELECTOR_MATCH = YES;
				GCC_WARN_UNDECLARED_SELECTOR = YES;
				GCC_WARN_UNINITIALIZED_AUTOS = YES_AGGRESSIVE;
				GCC_WARN_UNKNOWN_PRAGMAS = YES;
				GCC_WARN_UNUSED_FUNCTION = YES;
				GCC_WARN_UNUSED_LABEL = YES;
				GCC_WARN_UNUSED_PARAMETER = YES;
				GCC_WARN_UNUSED_VARIABLE = YES;
				IPHONEOS_DEPLOYMENT_TARGET = 9.0;
				MTL_ENABLE_DEBUG_INFO = NO;
				SDKROOT = iphoneos;
				TARGETED_DEVICE_FAMILY = "1,2";
				USE_HEADERMAP = NO;
				VALIDATE_PRODUCT = YES;
				VERSIONING_SYSTEM = "apple-generic";
				VERSION_INFO_PREFIX = "";
			};
			name = Release;
		};
		FA5FD39F1D90180F0010E978 /* Debug */ = {
			isa = XCBuildConfiguration;
			buildSettings = {
				CODE_SIGN_IDENTITY = "";
				DEFINES_MODULE = YES;
				DEVELOPMENT_TEAM = KJD2GM57WH;
				DYLIB_COMPATIBILITY_VERSION = 1;
				DYLIB_CURRENT_VERSION = 1;
				DYLIB_INSTALL_NAME_BASE = "@rpath";
				FRAMEWORK_SEARCH_PATHS = (
					"$(inherited)",
					"$(PROJECT_DIR)/Carthage/Build/iOS",
				);
				INFOPLIST_FILE = Allihoopa/Info.plist;
				INSTALL_PATH = "$(LOCAL_LIBRARY_DIR)/Frameworks";
				LD_RUNPATH_SEARCH_PATHS = "$(inherited) @executable_path/Frameworks @loader_path/Frameworks";
				PRODUCT_BUNDLE_IDENTIFIER = "com.allihoopa.allihoopa-sdk";
				PRODUCT_NAME = "$(TARGET_NAME)";
				SKIP_INSTALL = YES;
			};
			name = Debug;
		};
		FA5FD3A01D90180F0010E978 /* Release */ = {
			isa = XCBuildConfiguration;
			buildSettings = {
				CODE_SIGN_IDENTITY = "";
				DEFINES_MODULE = YES;
				DEVELOPMENT_TEAM = KJD2GM57WH;
				DYLIB_COMPATIBILITY_VERSION = 1;
				DYLIB_CURRENT_VERSION = 1;
				DYLIB_INSTALL_NAME_BASE = "@rpath";
				FRAMEWORK_SEARCH_PATHS = (
					"$(inherited)",
					"$(PROJECT_DIR)/Carthage/Build/iOS",
				);
				INFOPLIST_FILE = Allihoopa/Info.plist;
				INSTALL_PATH = "$(LOCAL_LIBRARY_DIR)/Frameworks";
				LD_RUNPATH_SEARCH_PATHS = "$(inherited) @executable_path/Frameworks @loader_path/Frameworks";
				PRODUCT_BUNDLE_IDENTIFIER = "com.allihoopa.allihoopa-sdk";
				PRODUCT_NAME = "$(TARGET_NAME)";
				SKIP_INSTALL = YES;
			};
			name = Release;
		};
		FA5FD3A21D90180F0010E978 /* Debug */ = {
			isa = XCBuildConfiguration;
			buildSettings = {
				DEVELOPMENT_TEAM = KJD2GM57WH;
				FRAMEWORK_SEARCH_PATHS = (
					"$(inherited)",
					"$(PROJECT_DIR)/Carthage/Build/iOS",
				);
				INFOPLIST_FILE = AllihoopaTests/Info.plist;
				LD_RUNPATH_SEARCH_PATHS = "$(inherited) @executable_path/Frameworks @loader_path/Frameworks";
				PRODUCT_BUNDLE_IDENTIFIER = com.allihoopa.AllihoopaTests;
				PRODUCT_NAME = "$(TARGET_NAME)";
			};
			name = Debug;
		};
		FA5FD3A31D90180F0010E978 /* Release */ = {
			isa = XCBuildConfiguration;
			buildSettings = {
				DEVELOPMENT_TEAM = KJD2GM57WH;
				FRAMEWORK_SEARCH_PATHS = (
					"$(inherited)",
					"$(PROJECT_DIR)/Carthage/Build/iOS",
				);
				INFOPLIST_FILE = AllihoopaTests/Info.plist;
				LD_RUNPATH_SEARCH_PATHS = "$(inherited) @executable_path/Frameworks @loader_path/Frameworks";
				PRODUCT_BUNDLE_IDENTIFIER = com.allihoopa.AllihoopaTests;
				PRODUCT_NAME = "$(TARGET_NAME)";
			};
			name = Release;
		};
/* End XCBuildConfiguration section */

/* Begin XCConfigurationList section */
		FA5FD3841D90180E0010E978 /* Build configuration list for PBXProject "Allihoopa" */ = {
			isa = XCConfigurationList;
			buildConfigurations = (
				FA5FD39C1D90180F0010E978 /* Debug */,
				FA5FD39D1D90180F0010E978 /* Release */,
			);
			defaultConfigurationIsVisible = 0;
			defaultConfigurationName = Release;
		};
		FA5FD39E1D90180F0010E978 /* Build configuration list for PBXNativeTarget "Allihoopa" */ = {
			isa = XCConfigurationList;
			buildConfigurations = (
				FA5FD39F1D90180F0010E978 /* Debug */,
				FA5FD3A01D90180F0010E978 /* Release */,
			);
			defaultConfigurationIsVisible = 0;
			defaultConfigurationName = Release;
		};
		FA5FD3A11D90180F0010E978 /* Build configuration list for PBXNativeTarget "AllihoopaTests" */ = {
			isa = XCConfigurationList;
			buildConfigurations = (
				FA5FD3A21D90180F0010E978 /* Debug */,
				FA5FD3A31D90180F0010E978 /* Release */,
			);
			defaultConfigurationIsVisible = 0;
			defaultConfigurationName = Release;
		};
/* End XCConfigurationList section */
	};
	rootObject = FA5FD3811D90180E0010E978 /* Project object */;
}
